
Microsoft Visual Studio Solution File, Format Version 12.00
# Visual Studio Version 16
VisualStudioVersion = 16.0.29411.108
MinimumVisualStudioVersion = 10.0.40219.1
Project("{9A19103F-16F7-4668-BE54-9A1E7A4F7556}") = "TangledServices.ServiceDesk.API", "TangledServices.ServiceDesk.API.csproj", "{CDEF53FC-6AEB-4687-BEE3-6E8D9C7C4EDE}"
EndProject
Global
	GlobalSection(SolutionConfigurationPlatforms) = preSolution
		Debug|Any CPU = Debug|Any CPU
		Release|Any CPU = Release|Any CPU
	EndGlobalSection
	GlobalSection(ProjectConfigurationPlatforms) = postSolution
		{CDEF53FC-6AEB-4687-BEE3-6E8D9C7C4EDE}.Debug|Any CPU.ActiveCfg = Debug|Any CPU
		{CDEF53FC-6AEB-4687-BEE3-6E8D9C7C4EDE}.Debug|Any CPU.Build.0 = Debug|Any CPU
		{CDEF53FC-6AEB-4687-BEE3-6E8D9C7C4EDE}.Release|Any CPU.ActiveCfg = Release|Any CPU
		{CDEF53FC-6AEB-4687-BEE3-6E8D9C7C4EDE}.Release|Any CPU.Build.0 = Release|Any CPU
	EndGlobalSection
	GlobalSection(SolutionProperties) = preSolution
		HideSolutionNode = FALSE
	EndGlobalSection
	GlobalSection(ExtensibilityGlobals) = postSolution
		SolutionGuid = {59CA5DFB-7E3E-49D9-81F3-71B6F1AF1B59}
	EndGlobalSection
EndGlobal
